
Microsoft Visual Studio Solution File, Format Version 12.00
# Visual Studio Version 16
VisualStudioVersion = 16.0.30114.105
MinimumVisualStudioVersion = 10.0.40219.1
Project("{9A19103F-16F7-4668-BE54-9A1E7A4F7556}") = "TodoAppServer", "TodoAppServer\TodoAppServer.csproj", "{B5BA7C79-8636-465E-A71C-89420D12E650}"
EndProject
Project("{E53339B2-1760-4266-BCC7-CA923CBCF16C}") = "docker-compose", "docker-compose.dcproj", "{A37D0B71-F126-480E-98E6-2898101776A4}"
EndProject
Global
	GlobalSection(SolutionConfigurationPlatforms) = preSolution
		Debug|Any CPU = Debug|Any CPU
		Release|Any CPU = Release|Any CPU
	EndGlobalSection
	GlobalSection(ProjectConfigurationPlatforms) = postSolution
		{B5BA7C79-8636-465E-A71C-89420D12E650}.Debug|Any CPU.ActiveCfg = Debug|Any CPU
		{B5BA7C79-8636-465E-A71C-89420D12E650}.Debug|Any CPU.Build.0 = Debug|Any CPU
		{B5BA7C79-8636-465E-A71C-89420D12E650}.Release|Any CPU.ActiveCfg = Release|Any CPU
		{B5BA7C79-8636-465E-A71C-89420D12E650}.Release|Any CPU.Build.0 = Release|Any CPU
		{A37D0B71-F126-480E-98E6-2898101776A4}.Debug|Any CPU.ActiveCfg = Debug|Any CPU
		{A37D0B71-F126-480E-98E6-2898101776A4}.Debug|Any CPU.Build.0 = Debug|Any CPU
		{A37D0B71-F126-480E-98E6-2898101776A4}.Release|Any CPU.ActiveCfg = Release|Any CPU
		{A37D0B71-F126-480E-98E6-2898101776A4}.Release|Any CPU.Build.0 = Release|Any CPU
	EndGlobalSection
	GlobalSection(SolutionProperties) = preSolution
		HideSolutionNode = FALSE
	EndGlobalSection
	GlobalSection(ExtensibilityGlobals) = postSolution
		SolutionGuid = {5B5D9061-8471-4202-AC0D-27D323265A03}
	EndGlobalSection
EndGlobal
